
Microsoft Visual Studio Solution File, Format Version 12.00
# Visual Studio 15
VisualStudioVersion = 15.0.28307.421
MinimumVisualStudioVersion = 10.0.40219.1
Project("{FAE04EC0-301F-11D3-BF4B-00C04F79EFBC}") = "RoboCleaner", "RoboCleaner\RoboCleaner.csproj", "{04AE08FC-2E9D-4432-8940-5CEEBC36C707}"
EndProject
Global
	GlobalSection(SolutionConfigurationPlatforms) = preSolution
		Debug|Any CPU = Debug|Any CPU
		Release|Any CPU = Release|Any CPU
	EndGlobalSection
	GlobalSection(ProjectConfigurationPlatforms) = postSolution
		{04AE08FC-2E9D-4432-8940-5CEEBC36C707}.Debug|Any CPU.ActiveCfg = Debug|Any CPU
		{04AE08FC-2E9D-4432-8940-5CEEBC36C707}.Debug|Any CPU.Build.0 = Debug|Any CPU
		{04AE08FC-2E9D-4432-8940-5CEEBC36C707}.Release|Any CPU.ActiveCfg = Release|Any CPU
		{04AE08FC-2E9D-4432-8940-5CEEBC36C707}.Release|Any CPU.Build.0 = Release|Any CPU
	EndGlobalSection
	GlobalSection(SolutionProperties) = preSolution
		HideSolutionNode = FALSE
	EndGlobalSection
	GlobalSection(ExtensibilityGlobals) = postSolution
		SolutionGuid = {C87F54B1-5209-4DFA-B933-63F834E5B8F1}
	EndGlobalSection
EndGlobal
